
Microsoft Visual Studio Solution File, Format Version 12.00
# Visual Studio Version 17
VisualStudioVersion = 17.0.31903.59
MinimumVisualStudioVersion = 10.0.40219.1
Project("{FAE04EC0-301F-11D3-BF4B-00C04F79EFBC}") = "ApiGateway", "ApiGateway\ApiGateway.csproj", "{41450291-4553-4BD4-9DEE-2C5FAEABE955}"
EndProject
Project("{FAE04EC0-301F-11D3-BF4B-00C04F79EFBC}") = "AuthService", "AuthService\AuthService.csproj", "{75C3696B-0049-4233-B233-B58DCE27416E}"
EndProject
Project("{FAE04EC0-301F-11D3-BF4B-00C04F79EFBC}") = "UserService", "UserService\UserService.csproj", "{4B7FAD24-FFE8-463D-84A9-5F564568E24B}"
EndProject
Project("{FAE04EC0-301F-11D3-BF4B-00C04F79EFBC}") = "AcademicService", "AcademicService\AcademicService.csproj", "{BE54A0B6-70DF-460E-B492-FEB47F845B83}"
EndProject
Project("{FAE04EC0-301F-11D3-BF4B-00C04F79EFBC}") = "ProjectService", "ProjectService\ProjectService.csproj", "{FC4FA33A-23CA-4064-9D43-5C2C503AC84A}"
EndProject
Project("{FAE04EC0-301F-11D3-BF4B-00C04F79EFBC}") = "TeamService", "TeamService\TeamService.csproj", "{08575E38-ECF4-4CF7-A4FC-BFE6048787D1}"
EndProject
Project("{FAE04EC0-301F-11D3-BF4B-00C04F79EFBC}") = "CommunicationService", "CommunicationService\CommunicationService.csproj", "{5992D4F5-FE9B-4C06-B5D1-085404D270EA}"
EndProject
Project("{FAE04EC0-301F-11D3-BF4B-00C04F79EFBC}") = "CollaborationService", "CollaborationService\CollaborationService.csproj", "{6ECB1CBA-FAFE-4D90-BD67-4156EB6D0636}"
EndProject
Project("{FAE04EC0-301F-11D3-BF4B-00C04F79EFBC}") = "EvaluationService", "EvaluationService\EvaluationService.csproj", "{EBE154AF-34FF-4CD9-98A6-698589D5CAD4}"
EndProject
Project("{FAE04EC0-301F-11D3-BF4B-00C04F79EFBC}") = "NotificationService", "NotificationService\NotificationService.csproj", "{0FC5B05F-4D42-426F-84B2-E2CC782B938B}"
EndProject
Project("{FAE04EC0-301F-11D3-BF4B-00C04F79EFBC}") = "FileService", "FileService\FileService.csproj", "{45B025EB-08E9-445C-83C7-546A6209E85F}"
EndProject
Project("{FAE04EC0-301F-11D3-BF4B-00C04F79EFBC}") = "AIService", "AIService\AIService.csproj", "{1509E94B-4571-4D34-BD34-7B9582D49C8C}"
EndProject
Global
	GlobalSection(SolutionConfigurationPlatforms) = preSolution
		Debug|Any CPU = Debug|Any CPU
		Debug|x64 = Debug|x64
		Debug|x86 = Debug|x86
		Release|Any CPU = Release|Any CPU
		Release|x64 = Release|x64
		Release|x86 = Release|x86
	EndGlobalSection
	GlobalSection(ProjectConfigurationPlatforms) = postSolution
		{41450291-4553-4BD4-9DEE-2C5FAEABE955}.Debug|Any CPU.ActiveCfg = Debug|Any CPU
		{41450291-4553-4BD4-9DEE-2C5FAEABE955}.Debug|Any CPU.Build.0 = Debug|Any CPU
		{41450291-4553-4BD4-9DEE-2C5FAEABE955}.Debug|x64.ActiveCfg = Debug|Any CPU
		{41450291-4553-4BD4-9DEE-2C5FAEABE955}.Debug|x64.Build.0 = Debug|Any CPU
		{41450291-4553-4BD4-9DEE-2C5FAEABE955}.Debug|x86.ActiveCfg = Debug|Any CPU
		{41450291-4553-4BD4-9DEE-2C5FAEABE955}.Debug|x86.Build.0 = Debug|Any CPU
		{41450291-4553-4BD4-9DEE-2C5FAEABE955}.Release|Any CPU.ActiveCfg = Release|Any CPU
		{41450291-4553-4BD4-9DEE-2C5FAEABE955}.Release|Any CPU.Build.0 = Release|Any CPU
		{41450291-4553-4BD4-9DEE-2C5FAEABE955}.Release|x64.ActiveCfg = Release|Any CPU
		{41450291-4553-4BD4-9DEE-2C5FAEABE955}.Release|x64.Build.0 = Release|Any CPU
		{41450291-4553-4BD4-9DEE-2C5FAEABE955}.Release|x86.ActiveCfg = Release|Any CPU
		{41450291-4553-4BD4-9DEE-2C5FAEABE955}.Release|x86.Build.0 = Release|Any CPU
		{75C3696B-0049-4233-B233-B58DCE27416E}.Debug|Any CPU.ActiveCfg = Debug|Any CPU
		{75C3696B-0049-4233-B233-B58DCE27416E}.Debug|Any CPU.Build.0 = Debug|Any CPU
		{75C3696B-0049-4233-B233-B58DCE27416E}.Debug|x64.ActiveCfg = Debug|Any CPU
		{75C3696B-0049-4233-B233-B58DCE27416E}.Debug|x64.Build.0 = Debug|Any CPU
		{75C3696B-0049-4233-B233-B58DCE27416E}.Debug|x86.ActiveCfg = Debug|Any CPU
		{75C3696B-0049-4233-B233-B58DCE27416E}.Debug|x86.Build.0 = Debug|Any CPU
		{75C3696B-0049-4233-B233-B58DCE27416E}.Release|Any CPU.ActiveCfg = Release|Any CPU
		{75C3696B-0049-4233-B233-B58DCE27416E}.Release|Any CPU.Build.0 = Release|Any CPU
		{75C3696B-0049-4233-B233-B58DCE27416E}.Release|x64.ActiveCfg = Release|Any CPU
		{75C3696B-0049-4233-B233-B58DCE27416E}.Release|x64.Build.0 = Release|Any CPU
		{75C3696B-0049-4233-B233-B58DCE27416E}.Release|x86.ActiveCfg = Release|Any CPU
		{75C3696B-0049-4233-B233-B58DCE27416E}.Release|x86.Build.0 = Release|Any CPU
		{4B7FAD24-FFE8-463D-84A9-5F564568E24B}.Debug|Any CPU.ActiveCfg = Debug|Any CPU
		{4B7FAD24-FFE8-463D-84A9-5F564568E24B}.Debug|Any CPU.Build.0 = Debug|Any CPU
		{4B7FAD24-FFE8-463D-84A9-5F564568E24B}.Debug|x64.ActiveCfg = Debug|Any CPU
		{4B7FAD24-FFE8-463D-84A9-5F564568E24B}.Debug|x64.Build.0 = Debug|Any CPU
		{4B7FAD24-FFE8-463D-84A9-5F564568E24B}.Debug|x86.ActiveCfg = Debug|Any CPU
		{4B7FAD24-FFE8-463D-84A9-5F564568E24B}.Debug|x86.Build.0 = Debug|Any CPU
		{4B7FAD24-FFE8-463D-84A9-5F564568E24B}.Release|Any CPU.ActiveCfg = Release|Any CPU
		{4B7FAD24-FFE8-463D-84A9-5F564568E24B}.Release|Any CPU.Build.0 = Release|Any CPU
		{4B7FAD24-FFE8-463D-84A9-5F564568E24B}.Release|x64.ActiveCfg = Release|Any CPU
		{4B7FAD24-FFE8-463D-84A9-5F564568E24B}.Release|x64.Build.0 = Release|Any CPU
		{4B7FAD24-FFE8-463D-84A9-5F564568E24B}.Release|x86.ActiveCfg = Release|Any CPU
		{4B7FAD24-FFE8-463D-84A9-5F564568E24B}.Release|x86.Build.0 = Release|Any CPU
		{BE54A0B6-70DF-460E-B492-FEB47F845B83}.Debug|Any CPU.ActiveCfg = Debug|Any CPU
		{BE54A0B6-70DF-460E-B492-FEB47F845B83}.Debug|Any CPU.Build.0 = Debug|Any CPU
		{BE54A0B6-70DF-460E-B492-FEB47F845B83}.Debug|x64.ActiveCfg = Debug|Any CPU
		{BE54A0B6-70DF-460E-B492-FEB47F845B83}.Debug|x64.Build.0 = Debug|Any CPU
		{BE54A0B6-70DF-460E-B492-FEB47F845B83}.Debug|x86.ActiveCfg = Debug|Any CPU
		{BE54A0B6-70DF-460E-B492-FEB47F845B83}.Debug|x86.Build.0 = Debug|Any CPU
		{BE54A0B6-70DF-460E-B492-FEB47F845B83}.Release|Any CPU.ActiveCfg = Release|Any CPU
		{BE54A0B6-70DF-460E-B492-FEB47F845B83}.Release|Any CPU.Build.0 = Release|Any CPU
		{BE54A0B6-70DF-460E-B492-FEB47F845B83}.Release|x64.ActiveCfg = Release|Any CPU
		{BE54A0B6-70DF-460E-B492-FEB47F845B83}.Release|x64.Build.0 = Release|Any CPU
		{BE54A0B6-70DF-460E-B492-FEB47F845B83}.Release|x86.ActiveCfg = Release|Any CPU
		{BE54A0B6-70DF-460E-B492-FEB47F845B83}.Release|x86.Build.0 = Release|Any CPU
		{FC4FA33A-23CA-4064-9D43-5C2C503AC84A}.Debug|Any CPU.ActiveCfg = Debug|Any CPU
		{FC4FA33A-23CA-4064-9D43-5C2C503AC84A}.Debug|Any CPU.Build.0 = Debug|Any CPU
		{FC4FA33A-23CA-4064-9D43-5C2C503AC84A}.Debug|x64.ActiveCfg = Debug|Any CPU
		{FC4FA33A-23CA-4064-9D43-5C2C503AC84A}.Debug|x64.Build.0 = Debug|Any CPU
		{FC4FA33A-23CA-4064-9D43-5C2C503AC84A}.Debug|x86.ActiveCfg = Debug|Any CPU
		{FC4FA33A-23CA-4064-9D43-5C2C503AC84A}.Debug|x86.Build.0 = Debug|Any CPU
		{FC4FA33A-23CA-4064-9D43-5C2C503AC84A}.Release|Any CPU.ActiveCfg = Release|Any CPU
		{FC4FA33A-23CA-4064-9D43-5C2C503AC84A}.Release|Any CPU.Build.0 = Release|Any CPU
		{FC4FA33A-23CA-4064-9D43-5C2C503AC84A}.Release|x64.ActiveCfg = Release|Any CPU
		{FC4FA33A-23CA-4064-9D43-5C2C503AC84A}.Release|x64.Build.0 = Release|Any CPU
		{FC4FA33A-23CA-4064-9D43-5C2C503AC84A}.Release|x86.ActiveCfg = Release|Any CPU
		{FC4FA33A-23CA-4064-9D43-5C2C503AC84A}.Release|x86.Build.0 = Release|Any CPU
		{08575E38-ECF4-4CF7-A4FC-BFE6048787D1}.Debug|Any CPU.ActiveCfg = Debug|Any CPU
		{08575E38-ECF4-4CF7-A4FC-BFE6048787D1}.Debug|Any CPU.Build.0 = Debug|Any CPU
		{08575E38-ECF4-4CF7-A4FC-BFE6048787D1}.Debug|x64.ActiveCfg = Debug|Any CPU
		{08575E38-ECF4-4CF7-A4FC-BFE6048787D1}.Debug|x64.Build.0 = Debug|Any CPU
		{08575E38-ECF4-4CF7-A4FC-BFE6048787D1}.Debug|x86.ActiveCfg = Debug|Any CPU
		{08575E38-ECF4-4CF7-A4FC-BFE6048787D1}.Debug|x86.Build.0 = Debug|Any CPU
		{08575E38-ECF4-4CF7-A4FC-BFE6048787D1}.Release|Any CPU.ActiveCfg = Release|Any CPU
		{08575E38-ECF4-4CF7-A4FC-BFE6048787D1}.Release|Any CPU.Build.0 = Release|Any CPU
		{08575E38-ECF4-4CF7-A4FC-BFE6048787D1}.Release|x64.ActiveCfg = Release|Any CPU
		{08575E38-ECF4-4CF7-A4FC-BFE6048787D1}.Release|x64.Build.0 = Release|Any CPU
		{08575E38-ECF4-4CF7-A4FC-BFE6048787D1}.Release|x86.ActiveCfg = Release|Any CPU
		{08575E38-ECF4-4CF7-A4FC-BFE6048787D1}.Release|x86.Build.0 = Release|Any CPU
		{5992D4F5-FE9B-4C06-B5D1-085404D270EA}.Debug|Any CPU.ActiveCfg = Debug|Any CPU
		{5992D4F5-FE9B-4C06-B5D1-085404D270EA}.Debug|Any CPU.Build.0 = Debug|Any CPU
		{5992D4F5-FE9B-4C06-B5D1-085404D270EA}.Debug|x64.ActiveCfg = Debug|Any CPU
		{5992D4F5-FE9B-4C06-B5D1-085404D270EA}.Debug|x64.Build.0 = Debug|Any CPU
		{5992D4F5-FE9B-4C06-B5D1-085404D270EA}.Debug|x86.ActiveCfg = Debug|Any CPU
		{5992D4F5-FE9B-4C06-B5D1-085404D270EA}.Debug|x86.Build.0 = Debug|Any CPU
		{5992D4F5-FE9B-4C06-B5D1-085404D270EA}.Release|Any CPU.ActiveCfg = Release|Any CPU
		{5992D4F5-FE9B-4C06-B5D1-085404D270EA}.Release|Any CPU.Build.0 = Release|Any CPU
		{5992D4F5-FE9B-4C06-B5D1-085404D270EA}.Release|x64.ActiveCfg = Release|Any CPU
		{5992D4F5-FE9B-4C06-B5D1-085404D270EA}.Release|x64.Build.0 = Release|Any CPU
		{5992D4F5-FE9B-4C06-B5D1-085404D270EA}.Release|x86.ActiveCfg = Release|Any CPU
		{5992D4F5-FE9B-4C06-B5D1-085404D270EA}.Release|x86.Build.0 = Release|Any CPU
		{6ECB1CBA-FAFE-4D90-BD67-4156EB6D0636}.Debug|Any CPU.ActiveCfg = Debug|Any CPU
		{6ECB1CBA-FAFE-4D90-BD67-4156EB6D0636}.Debug|Any CPU.Build.0 = Debug|Any CPU
		{6ECB1CBA-FAFE-4D90-BD67-4156EB6D0636}.Debug|x64.ActiveCfg = Debug|Any CPU
		{6ECB1CBA-FAFE-4D90-BD67-4156EB6D0636}.Debug|x64.Build.0 = Debug|Any CPU
		{6ECB1CBA-FAFE-4D90-BD67-4156EB6D0636}.Debug|x86.ActiveCfg = Debug|Any CPU
		{6ECB1CBA-FAFE-4D90-BD67-4156EB6D0636}.Debug|x86.Build.0 = Debug|Any CPU
		{6ECB1CBA-FAFE-4D90-BD67-4156EB6D0636}.Release|Any CPU.ActiveCfg = Release|Any CPU
		{6ECB1CBA-FAFE-4D90-BD67-4156EB6D0636}.Release|Any CPU.Build.0 = Release|Any CPU
		{6ECB1CBA-FAFE-4D90-BD67-4156EB6D0636}.Release|x64.ActiveCfg = Release|Any CPU
		{6ECB1CBA-FAFE-4D90-BD67-4156EB6D0636}.Release|x64.Build.0 = Release|Any CPU
		{6ECB1CBA-FAFE-4D90-BD67-4156EB6D0636}.Release|x86.ActiveCfg = Release|Any CPU
		{6ECB1CBA-FAFE-4D90-BD67-4156EB6D0636}.Release|x86.Build.0 = Release|Any CPU
		{EBE154AF-34FF-4CD9-98A6-698589D5CAD4}.Debug|Any CPU.ActiveCfg = Debug|Any CPU
		{EBE154AF-34FF-4CD9-98A6-698589D5CAD4}.Debug|Any CPU.Build.0 = Debug|Any CPU
		{EBE154AF-34FF-4CD9-98A6-698589D5CAD4}.Debug|x64.ActiveCfg = Debug|Any CPU
		{EBE154AF-34FF-4CD9-98A6-698589D5CAD4}.Debug|x64.Build.0 = Debug|Any CPU
		{EBE154AF-34FF-4CD9-98A6-698589D5CAD4}.Debug|x86.ActiveCfg = Debug|Any CPU
		{EBE154AF-34FF-4CD9-98A6-698589D5CAD4}.Debug|x86.Build.0 = Debug|Any CPU
		{EBE154AF-34FF-4CD9-98A6-698589D5CAD4}.Release|Any CPU.ActiveCfg = Release|Any CPU
		{EBE154AF-34FF-4CD9-98A6-698589D5CAD4}.Release|Any CPU.Build.0 = Release|Any CPU
		{EBE154AF-34FF-4CD9-98A6-698589D5CAD4}.Release|x64.ActiveCfg = Release|Any CPU
		{EBE154AF-34FF-4CD9-98A6-698589D5CAD4}.Release|x64.Build.0 = Release|Any CPU
		{EBE154AF-34FF-4CD9-98A6-698589D5CAD4}.Release|x86.ActiveCfg = Release|Any CPU
		{EBE154AF-34FF-4CD9-98A6-698589D5CAD4}.Release|x86.Build.0 = Release|Any CPU
		{0FC5B05F-4D42-426F-84B2-E2CC782B938B}.Debug|Any CPU.ActiveCfg = Debug|Any CPU
		{0FC5B05F-4D42-426F-84B2-E2CC782B938B}.Debug|Any CPU.Build.0 = Debug|Any CPU
		{0FC5B05F-4D42-426F-84B2-E2CC782B938B}.Debug|x64.ActiveCfg = Debug|Any CPU
		{0FC5B05F-4D42-426F-84B2-E2CC782B938B}.Debug|x64.Build.0 = Debug|Any CPU
		{0FC5B05F-4D42-426F-84B2-E2CC782B938B}.Debug|x86.ActiveCfg = Debug|Any CPU
		{0FC5B05F-4D42-426F-84B2-E2CC782B938B}.Debug|x86.Build.0 = Debug|Any CPU
		{0FC5B05F-4D42-426F-84B2-E2CC782B938B}.Release|Any CPU.ActiveCfg = Release|Any CPU
		{0FC5B05F-4D42-426F-84B2-E2CC782B938B}.Release|Any CPU.Build.0 = Release|Any CPU
		{0FC5B05F-4D42-426F-84B2-E2CC782B938B}.Release|x64.ActiveCfg = Release|Any CPU
		{0FC5B05F-4D42-426F-84B2-E2CC782B938B}.Release|x64.Build.0 = Release|Any CPU
		{0FC5B05F-4D42-426F-84B2-E2CC782B938B}.Release|x86.ActiveCfg = Release|Any CPU
		{0FC5B05F-4D42-426F-84B2-E2CC782B938B}.Release|x86.Build.0 = Release|Any CPU
		{45B025EB-08E9-445C-83C7-546A6209E85F}.Debug|Any CPU.ActiveCfg = Debug|Any CPU
		{45B025EB-08E9-445C-83C7-546A6209E85F}.Debug|Any CPU.Build.0 = Debug|Any CPU
		{45B025EB-08E9-445C-83C7-546A6209E85F}.Debug|x64.ActiveCfg = Debug|Any CPU
		{45B025EB-08E9-445C-83C7-546A6209E85F}.Debug|x64.Build.0 = Debug|Any CPU
		{45B025EB-08E9-445C-83C7-546A6209E85F}.Debug|x86.ActiveCfg = Debug|Any CPU
		{45B025EB-08E9-445C-83C7-546A6209E85F}.Debug|x86.Build.0 = Debug|Any CPU
		{45B025EB-08E9-445C-83C7-546A6209E85F}.Release|Any CPU.ActiveCfg = Release|Any CPU
		{45B025EB-08E9-445C-83C7-546A6209E85F}.Release|Any CPU.Build.0 = Release|Any CPU
		{45B025EB-08E9-445C-83C7-546A6209E85F}.Release|x64.ActiveCfg = Release|Any CPU
		{45B025EB-08E9-445C-83C7-546A6209E85F}.Release|x64.Build.0 = Release|Any CPU
		{45B025EB-08E9-445C-83C7-546A6209E85F}.Release|x86.ActiveCfg = Release|Any CPU
		{45B025EB-08E9-445C-83C7-546A6209E85F}.Release|x86.Build.0 = Release|Any CPU
		{1509E94B-4571-4D34-BD34-7B9582D49C8C}.Debug|Any CPU.ActiveCfg = Debug|Any CPU
		{1509E94B-4571-4D34-BD34-7B9582D49C8C}.Debug|Any CPU.Build.0 = Debug|Any CPU
		{1509E94B-4571-4D34-BD34-7B9582D49C8C}.Debug|x64.ActiveCfg = Debug|Any CPU
		{1509E94B-4571-4D34-BD34-7B9582D49C8C}.Debug|x64.Build.0 = Debug|Any CPU
		{1509E94B-4571-4D34-BD34-7B9582D49C8C}.Debug|x86.ActiveCfg = Debug|Any CPU
		{1509E94B-4571-4D34-BD34-7B9582D49C8C}.Debug|x86.Build.0 = Debug|Any CPU
		{1509E94B-4571-4D34-BD34-7B9582D49C8C}.Release|Any CPU.ActiveCfg = Release|Any CPU
		{1509E94B-4571-4D34-BD34-7B9582D49C8C}.Release|Any CPU.Build.0 = Release|Any CPU
		{1509E94B-4571-4D34-BD34-7B9582D49C8C}.Release|x64.ActiveCfg = Release|Any CPU
		{1509E94B-4571-4D34-BD34-7B9582D49C8C}.Release|x64.Build.0 = Release|Any CPU
		{1509E94B-4571-4D34-BD34-7B9582D49C8C}.Release|x86.ActiveCfg = Release|Any CPU
		{1509E94B-4571-4D34-BD34-7B9582D49C8C}.Release|x86.Build.0 = Release|Any CPU
	EndGlobalSection
	GlobalSection(SolutionProperties) = preSolution
		HideSolutionNode = FALSE
	EndGlobalSection
EndGlobal
